
Microsoft Visual Studio Solution File, Format Version 12.00
# Visual Studio Version 17
VisualStudioVersion = 17.5.002.0
MinimumVisualStudioVersion = 10.0.40219.1
Project("{2150E333-8FDC-42A3-9474-1A3956D46DE8}") = "src", "src", "{0B864346-E9D5-4B1E-9E2D-AB1641ED3D2E}"
EndProject
Project("{2150E333-8FDC-42A3-9474-1A3956D46DE8}") = "Elementos de la solución", "Elementos de la solución", "{473ED2EC-46A4-4DA1-9114-0FC0735EB765}"
	ProjectSection(SolutionItems) = preProject
		docker-compose.yml = docker-compose.yml
	EndProjectSection
EndProject
Project("{9A19103F-16F7-4668-BE54-9A1E7A4F7556}") = "Application", "src\Auction\Application\Application.csproj", "{0FD8B8CE-8A27-441A-BA66-2E1DC34A4121}"
EndProject
Project("{9A19103F-16F7-4668-BE54-9A1E7A4F7556}") = "AuctionService", "src\Auction\AuctionService\AuctionService.csproj", "{3CBFD3D0-917B-4F58-9204-9F3546FA4292}"
EndProject
Project("{9A19103F-16F7-4668-BE54-9A1E7A4F7556}") = "Domain", "src\Auction\Domain\Domain.csproj", "{631382E7-0348-47C0-B650-378E9E98E07C}"
EndProject
Project("{9A19103F-16F7-4668-BE54-9A1E7A4F7556}") = "Infraestructure", "src\Auction\Infraestructure\Infraestructure.csproj", "{84E7CA95-AE3F-41D2-993C-EC2CF1DB7095}"
EndProject
Project("{9A19103F-16F7-4668-BE54-9A1E7A4F7556}") = "Utilities", "src\Auction\Utilities\Utilities.csproj", "{B70A16ED-83D9-41E8-AD39-1DC2142F928E}"
EndProject
Project("{2150E333-8FDC-42A3-9474-1A3956D46DE8}") = "Auction", "Auction", "{718155E1-7077-4B4F-ADC2-36A1FE6A93C9}"
EndProject
Project("{2150E333-8FDC-42A3-9474-1A3956D46DE8}") = "Search", "Search", "{DE18A82D-BFA9-47B4-9B3B-266801A7144C}"
EndProject
Project("{9A19103F-16F7-4668-BE54-9A1E7A4F7556}") = "SearchService", "src\Search\SearchService\SearchService.csproj", "{76C9FF1D-F9D7-4C02-920F-FECF2F030A39}"
EndProject
Project("{9A19103F-16F7-4668-BE54-9A1E7A4F7556}") = "Domain", "src\Search\Domain\Domain.csproj", "{032FCBB7-AD62-44A8-AF6E-1CC752B0E6D7}"
EndProject
Project("{9A19103F-16F7-4668-BE54-9A1E7A4F7556}") = "Application", "src\Search\Application\Application.csproj", "{E6C7A72B-7EB2-44E9-854C-6552DF2B4545}"
EndProject
Project("{9A19103F-16F7-4668-BE54-9A1E7A4F7556}") = "Infraestructure", "src\Search\Infraestructure\Infraestructure.csproj", "{3DEA32E6-B6DC-41A5-8BAC-24FAE9DC1C8C}"
EndProject
Project("{9A19103F-16F7-4668-BE54-9A1E7A4F7556}") = "Utilities", "src\Search\Utilities\Utilities.csproj", "{0FF99A88-FC21-4197-AE1B-D10E3B234E94}"
EndProject
Project("{9A19103F-16F7-4668-BE54-9A1E7A4F7556}") = "Contracts", "src\Contracts\Contracts.csproj", "{1C1336E6-F5AC-4729-BF3B-291ED33103D9}"
EndProject
Project("{2150E333-8FDC-42A3-9474-1A3956D46DE8}") = "Contracts", "Contracts", "{F4DC8CCA-8841-413C-9FD1-F63BACA42683}"
EndProject
Project("{9A19103F-16F7-4668-BE54-9A1E7A4F7556}") = "IdentityServer", "src\IdentityServer\IdentityServer.csproj", "{E8D800D5-D560-4F13-B6CF-F85FF29EA01A}"
EndProject
Project("{2150E333-8FDC-42A3-9474-1A3956D46DE8}") = "IdentityServer", "IdentityServer", "{5F39CA19-FA56-41AC-856C-472BBF28B93E}"
EndProject
Project("{2150E333-8FDC-42A3-9474-1A3956D46DE8}") = "Gateway", "Gateway", "{02EA681E-C7D8-13C7-8484-4AC65E1B71E8}"
EndProject
Project("{FAE04EC0-301F-11D3-BF4B-00C04F79EFBC}") = "GatewayService", "src\Gateway\GatewayService\GatewayService.csproj", "{F3EBB5EB-E02A-4E62-BFEB-431E2BEB1DA9}"
EndProject
Global
	GlobalSection(SolutionConfigurationPlatforms) = preSolution
		Debug|Any CPU = Debug|Any CPU
		Release|Any CPU = Release|Any CPU
	EndGlobalSection
	GlobalSection(ProjectConfigurationPlatforms) = postSolution
		{0FD8B8CE-8A27-441A-BA66-2E1DC34A4121}.Debug|Any CPU.ActiveCfg = Debug|Any CPU
		{0FD8B8CE-8A27-441A-BA66-2E1DC34A4121}.Debug|Any CPU.Build.0 = Debug|Any CPU
		{0FD8B8CE-8A27-441A-BA66-2E1DC34A4121}.Release|Any CPU.ActiveCfg = Release|Any CPU
		{0FD8B8CE-8A27-441A-BA66-2E1DC34A4121}.Release|Any CPU.Build.0 = Release|Any CPU
		{3CBFD3D0-917B-4F58-9204-9F3546FA4292}.Debug|Any CPU.ActiveCfg = Debug|Any CPU
		{3CBFD3D0-917B-4F58-9204-9F3546FA4292}.Debug|Any CPU.Build.0 = Debug|Any CPU
		{3CBFD3D0-917B-4F58-9204-9F3546FA4292}.Release|Any CPU.ActiveCfg = Release|Any CPU
		{3CBFD3D0-917B-4F58-9204-9F3546FA4292}.Release|Any CPU.Build.0 = Release|Any CPU
		{631382E7-0348-47C0-B650-378E9E98E07C}.Debug|Any CPU.ActiveCfg = Debug|Any CPU
		{631382E7-0348-47C0-B650-378E9E98E07C}.Debug|Any CPU.Build.0 = Debug|Any CPU
		{631382E7-0348-47C0-B650-378E9E98E07C}.Release|Any CPU.ActiveCfg = Release|Any CPU
		{631382E7-0348-47C0-B650-378E9E98E07C}.Release|Any CPU.Build.0 = Release|Any CPU
		{84E7CA95-AE3F-41D2-993C-EC2CF1DB7095}.Debug|Any CPU.ActiveCfg = Debug|Any CPU
		{84E7CA95-AE3F-41D2-993C-EC2CF1DB7095}.Debug|Any CPU.Build.0 = Debug|Any CPU
		{84E7CA95-AE3F-41D2-993C-EC2CF1DB7095}.Release|Any CPU.ActiveCfg = Release|Any CPU
		{84E7CA95-AE3F-41D2-993C-EC2CF1DB7095}.Release|Any CPU.Build.0 = Release|Any CPU
		{B70A16ED-83D9-41E8-AD39-1DC2142F928E}.Debug|Any CPU.ActiveCfg = Debug|Any CPU
		{B70A16ED-83D9-41E8-AD39-1DC2142F928E}.Debug|Any CPU.Build.0 = Debug|Any CPU
		{B70A16ED-83D9-41E8-AD39-1DC2142F928E}.Release|Any CPU.ActiveCfg = Release|Any CPU
		{B70A16ED-83D9-41E8-AD39-1DC2142F928E}.Release|Any CPU.Build.0 = Release|Any CPU
		{76C9FF1D-F9D7-4C02-920F-FECF2F030A39}.Debug|Any CPU.ActiveCfg = Debug|Any CPU
		{76C9FF1D-F9D7-4C02-920F-FECF2F030A39}.Debug|Any CPU.Build.0 = Debug|Any CPU
		{76C9FF1D-F9D7-4C02-920F-FECF2F030A39}.Release|Any CPU.ActiveCfg = Release|Any CPU
		{76C9FF1D-F9D7-4C02-920F-FECF2F030A39}.Release|Any CPU.Build.0 = Release|Any CPU
		{032FCBB7-AD62-44A8-AF6E-1CC752B0E6D7}.Debug|Any CPU.ActiveCfg = Debug|Any CPU
		{032FCBB7-AD62-44A8-AF6E-1CC752B0E6D7}.Debug|Any CPU.Build.0 = Debug|Any CPU
		{032FCBB7-AD62-44A8-AF6E-1CC752B0E6D7}.Release|Any CPU.ActiveCfg = Release|Any CPU
		{032FCBB7-AD62-44A8-AF6E-1CC752B0E6D7}.Release|Any CPU.Build.0 = Release|Any CPU
		{E6C7A72B-7EB2-44E9-854C-6552DF2B4545}.Debug|Any CPU.ActiveCfg = Debug|Any CPU
		{E6C7A72B-7EB2-44E9-854C-6552DF2B4545}.Debug|Any CPU.Build.0 = Debug|Any CPU
		{E6C7A72B-7EB2-44E9-854C-6552DF2B4545}.Release|Any CPU.ActiveCfg = Release|Any CPU
		{E6C7A72B-7EB2-44E9-854C-6552DF2B4545}.Release|Any CPU.Build.0 = Release|Any CPU
		{3DEA32E6-B6DC-41A5-8BAC-24FAE9DC1C8C}.Debug|Any CPU.ActiveCfg = Debug|Any CPU
		{3DEA32E6-B6DC-41A5-8BAC-24FAE9DC1C8C}.Debug|Any CPU.Build.0 = Debug|Any CPU
		{3DEA32E6-B6DC-41A5-8BAC-24FAE9DC1C8C}.Release|Any CPU.ActiveCfg = Release|Any CPU
		{3DEA32E6-B6DC-41A5-8BAC-24FAE9DC1C8C}.Release|Any CPU.Build.0 = Release|Any CPU
		{0FF99A88-FC21-4197-AE1B-D10E3B234E94}.Debug|Any CPU.ActiveCfg = Debug|Any CPU
		{0FF99A88-FC21-4197-AE1B-D10E3B234E94}.Debug|Any CPU.Build.0 = Debug|Any CPU
		{0FF99A88-FC21-4197-AE1B-D10E3B234E94}.Release|Any CPU.ActiveCfg = Release|Any CPU
		{0FF99A88-FC21-4197-AE1B-D10E3B234E94}.Release|Any CPU.Build.0 = Release|Any CPU
		{1C1336E6-F5AC-4729-BF3B-291ED33103D9}.Debug|Any CPU.ActiveCfg = Debug|Any CPU
		{1C1336E6-F5AC-4729-BF3B-291ED33103D9}.Debug|Any CPU.Build.0 = Debug|Any CPU
		{1C1336E6-F5AC-4729-BF3B-291ED33103D9}.Release|Any CPU.ActiveCfg = Release|Any CPU
		{1C1336E6-F5AC-4729-BF3B-291ED33103D9}.Release|Any CPU.Build.0 = Release|Any CPU
		{E8D800D5-D560-4F13-B6CF-F85FF29EA01A}.Debug|Any CPU.ActiveCfg = Debug|Any CPU
		{E8D800D5-D560-4F13-B6CF-F85FF29EA01A}.Debug|Any CPU.Build.0 = Debug|Any CPU
		{E8D800D5-D560-4F13-B6CF-F85FF29EA01A}.Release|Any CPU.ActiveCfg = Release|Any CPU
		{E8D800D5-D560-4F13-B6CF-F85FF29EA01A}.Release|Any CPU.Build.0 = Release|Any CPU
		{F3EBB5EB-E02A-4E62-BFEB-431E2BEB1DA9}.Debug|Any CPU.ActiveCfg = Debug|Any CPU
		{F3EBB5EB-E02A-4E62-BFEB-431E2BEB1DA9}.Debug|Any CPU.Build.0 = Debug|Any CPU
		{F3EBB5EB-E02A-4E62-BFEB-431E2BEB1DA9}.Release|Any CPU.ActiveCfg = Release|Any CPU
		{F3EBB5EB-E02A-4E62-BFEB-431E2BEB1DA9}.Release|Any CPU.Build.0 = Release|Any CPU
	EndGlobalSection
	GlobalSection(SolutionProperties) = preSolution
		HideSolutionNode = FALSE
	EndGlobalSection
	GlobalSection(NestedProjects) = preSolution
		{0FD8B8CE-8A27-441A-BA66-2E1DC34A4121} = {718155E1-7077-4B4F-ADC2-36A1FE6A93C9}
		{3CBFD3D0-917B-4F58-9204-9F3546FA4292} = {718155E1-7077-4B4F-ADC2-36A1FE6A93C9}
		{631382E7-0348-47C0-B650-378E9E98E07C} = {718155E1-7077-4B4F-ADC2-36A1FE6A93C9}
		{84E7CA95-AE3F-41D2-993C-EC2CF1DB7095} = {718155E1-7077-4B4F-ADC2-36A1FE6A93C9}
		{B70A16ED-83D9-41E8-AD39-1DC2142F928E} = {718155E1-7077-4B4F-ADC2-36A1FE6A93C9}
		{718155E1-7077-4B4F-ADC2-36A1FE6A93C9} = {0B864346-E9D5-4B1E-9E2D-AB1641ED3D2E}
		{DE18A82D-BFA9-47B4-9B3B-266801A7144C} = {0B864346-E9D5-4B1E-9E2D-AB1641ED3D2E}
		{76C9FF1D-F9D7-4C02-920F-FECF2F030A39} = {DE18A82D-BFA9-47B4-9B3B-266801A7144C}
		{032FCBB7-AD62-44A8-AF6E-1CC752B0E6D7} = {DE18A82D-BFA9-47B4-9B3B-266801A7144C}
		{E6C7A72B-7EB2-44E9-854C-6552DF2B4545} = {DE18A82D-BFA9-47B4-9B3B-266801A7144C}
		{3DEA32E6-B6DC-41A5-8BAC-24FAE9DC1C8C} = {DE18A82D-BFA9-47B4-9B3B-266801A7144C}
		{0FF99A88-FC21-4197-AE1B-D10E3B234E94} = {DE18A82D-BFA9-47B4-9B3B-266801A7144C}
		{1C1336E6-F5AC-4729-BF3B-291ED33103D9} = {F4DC8CCA-8841-413C-9FD1-F63BACA42683}
		{F4DC8CCA-8841-413C-9FD1-F63BACA42683} = {0B864346-E9D5-4B1E-9E2D-AB1641ED3D2E}
		{E8D800D5-D560-4F13-B6CF-F85FF29EA01A} = {5F39CA19-FA56-41AC-856C-472BBF28B93E}
		{5F39CA19-FA56-41AC-856C-472BBF28B93E} = {0B864346-E9D5-4B1E-9E2D-AB1641ED3D2E}
		{02EA681E-C7D8-13C7-8484-4AC65E1B71E8} = {0B864346-E9D5-4B1E-9E2D-AB1641ED3D2E}
		{F3EBB5EB-E02A-4E62-BFEB-431E2BEB1DA9} = {02EA681E-C7D8-13C7-8484-4AC65E1B71E8}
	EndGlobalSection
	GlobalSection(ExtensibilityGlobals) = postSolution
		SolutionGuid = {B8F20B45-43E9-4E9B-BCC6-0ED0F1AD25B9}
	EndGlobalSection
EndGlobal
